// !$*UTF8*$!
{
	archiveVersion = 1;
	classes = {
	};
	objectVersion = 46;
	objects = {

/* Begin PBXBuildFile section */
		DA039C961A5405F900C65E1D /* UMFeedbackLocalizable.strings in Resources */ = {isa = PBXBuildFile; fileRef = DA039C7F1A5405F900C65E1D /* UMFeedbackLocalizable.strings */; };
		DA039C971A5405F900C65E1D /* UMFeedbackLocalizable.strings in Resources */ = {isa = PBXBuildFile; fileRef = DA039C7F1A5405F900C65E1D /* UMFeedbackLocalizable.strings */; };
		DA039C981A5405F900C65E1D /* libUMFeedback.a in Frameworks */ = {isa = PBXBuildFile; fileRef = DA039C811A5405F900C65E1D /* libUMFeedback.a */; };
		DA039C991A5405F900C65E1D /* libUMFeedback.a in Frameworks */ = {isa = PBXBuildFile; fileRef = DA039C811A5405F900C65E1D /* libUMFeedback.a */; };
		DA039C9A1A5405F900C65E1D /* bubble_min@2x.png in Resources */ = {isa = PBXBuildFile; fileRef = DA039C831A5405F900C65E1D /* bubble_min@2x.png */; };
		DA039C9B1A5405F900C65E1D /* bubble_min@2x.png in Resources */ = {isa = PBXBuildFile; fileRef = DA039C831A5405F900C65E1D /* bubble_min@2x.png */; };
		DA039C9C1A5405F900C65E1D /* cancel@2x.png in Resources */ = {isa = PBXBuildFile; fileRef = DA039C841A5405F900C65E1D /* cancel@2x.png */; };
		DA039C9D1A5405F900C65E1D /* cancel@2x.png in Resources */ = {isa = PBXBuildFile; fileRef = DA039C841A5405F900C65E1D /* cancel@2x.png */; };
		DA039C9E1A5405F900C65E1D /* microphone@2x.png in Resources */ = {isa = PBXBuildFile; fileRef = DA039C851A5405F900C65E1D /* microphone@2x.png */; };
		DA039C9F1A5405F900C65E1D /* microphone@2x.png in Resources */ = {isa = PBXBuildFile; fileRef = DA039C851A5405F900C65E1D /* microphone@2x.png */; };
		DA039CA01A5405F900C65E1D /* save@2x.png in Resources */ = {isa = PBXBuildFile; fileRef = DA039C861A5405F900C65E1D /* save@2x.png */; };
		DA039CA11A5405F900C65E1D /* save@2x.png in Resources */ = {isa = PBXBuildFile; fileRef = DA039C861A5405F900C65E1D /* save@2x.png */; };
		DA039CA21A5405F900C65E1D /* ToolViewInputText@2x.png in Resources */ = {isa = PBXBuildFile; fileRef = DA039C871A5405F900C65E1D /* ToolViewInputText@2x.png */; };
		DA039CA31A5405F900C65E1D /* ToolViewInputText@2x.png in Resources */ = {isa = PBXBuildFile; fileRef = DA039C871A5405F900C65E1D /* ToolViewInputText@2x.png */; };
		DA039CA41A5405F900C65E1D /* ToolViewInputTextHL@2x.png in Resources */ = {isa = PBXBuildFile; fileRef = DA039C881A5405F900C65E1D /* ToolViewInputTextHL@2x.png */; };
		DA039CA51A5405F900C65E1D /* ToolViewInputTextHL@2x.png in Resources */ = {isa = PBXBuildFile; fileRef = DA039C881A5405F900C65E1D /* ToolViewInputTextHL@2x.png */; };
		DA039CA61A5405F900C65E1D /* ToolViewInputVoice@2x.png in Resources */ = {isa = PBXBuildFile; fileRef = DA039C891A5405F900C65E1D /* ToolViewInputVoice@2x.png */; };
		DA039CA71A5405F900C65E1D /* ToolViewInputVoice@2x.png in Resources */ = {isa = PBXBuildFile; fileRef = DA039C891A5405F900C65E1D /* ToolViewInputVoice@2x.png */; };
		DA039CA81A5405F900C65E1D /* ToolViewInputVoiceHL@2x.png in Resources */ = {isa = PBXBuildFile; fileRef = DA039C8A1A5405F900C65E1D /* ToolViewInputVoiceHL@2x.png */; };
		DA039CA91A5405F900C65E1D /* ToolViewInputVoiceHL@2x.png in Resources */ = {isa = PBXBuildFile; fileRef = DA039C8A1A5405F900C65E1D /* ToolViewInputVoiceHL@2x.png */; };
		DA039CAA1A5405F900C65E1D /* umeng_fb_audio_dialog_cancel@2x.png in Resources */ = {isa = PBXBuildFile; fileRef = DA039C8B1A5405F900C65E1D /* umeng_fb_audio_dialog_cancel@2x.png */; };
		DA039CAB1A5405F900C65E1D /* umeng_fb_audio_dialog_cancel@2x.png in Resources */ = {isa = PBXBuildFile; fileRef = DA039C8B1A5405F900C65E1D /* umeng_fb_audio_dialog_cancel@2x.png */; };
		DA039CAC1A5405F900C65E1D /* umeng_fb_audio_dialog_content@2x.png in Resources */ = {isa = PBXBuildFile; fileRef = DA039C8C1A5405F900C65E1D /* umeng_fb_audio_dialog_content@2x.png */; };
		DA039CAD1A5405F900C65E1D /* umeng_fb_audio_dialog_content@2x.png in Resources */ = {isa = PBXBuildFile; fileRef = DA039C8C1A5405F900C65E1D /* umeng_fb_audio_dialog_content@2x.png */; };
		DA039CAE1A5405F900C65E1D /* umeng_fb_audio_play_01@2x.png in Resources */ = {isa = PBXBuildFile; fileRef = DA039C8D1A5405F900C65E1D /* umeng_fb_audio_play_01@2x.png */; };
		DA039CAF1A5405F900C65E1D /* umeng_fb_audio_play_01@2x.png in Resources */ = {isa = PBXBuildFile; fileRef = DA039C8D1A5405F900C65E1D /* umeng_fb_audio_play_01@2x.png */; };
		DA039CB01A5405F900C65E1D /* umeng_fb_audio_play_02@2x.png in Resources */ = {isa = PBXBuildFile; fileRef = DA039C8E1A5405F900C65E1D /* umeng_fb_audio_play_02@2x.png */; };
		DA039CB11A5405F900C65E1D /* umeng_fb_audio_play_02@2x.png in Resources */ = {isa = PBXBuildFile; fileRef = DA039C8E1A5405F900C65E1D /* umeng_fb_audio_play_02@2x.png */; };
		DA039CB21A5405F900C65E1D /* umeng_fb_audio_play_03@2x.png in Resources */ = {isa = PBXBuildFile; fileRef = DA039C8F1A5405F900C65E1D /* umeng_fb_audio_play_03@2x.png */; };
		DA039CB31A5405F900C65E1D /* umeng_fb_audio_play_03@2x.png in Resources */ = {isa = PBXBuildFile; fileRef = DA039C8F1A5405F900C65E1D /* umeng_fb_audio_play_03@2x.png */; };
		DA039CB41A5405F900C65E1D /* umeng_fb_audio_play_default@2x.png in Resources */ = {isa = PBXBuildFile; fileRef = DA039C901A5405F900C65E1D /* umeng_fb_audio_play_default@2x.png */; };
		DA039CB51A5405F900C65E1D /* umeng_fb_audio_play_default@2x.png in Resources */ = {isa = PBXBuildFile; fileRef = DA039C901A5405F900C65E1D /* umeng_fb_audio_play_default@2x.png */; };
		DA039CB61A5405F900C65E1D /* libUMOpus.a in Frameworks */ = {isa = PBXBuildFile; fileRef = DA039C931A5405F900C65E1D /* libUMOpus.a */; };
		DA039CB71A5405F900C65E1D /* libUMOpus.a in Frameworks */ = {isa = PBXBuildFile; fileRef = DA039C931A5405F900C65E1D /* libUMOpus.a */; };
		DA039CBA1A540FDC00C65E1D /* AVFoundation.framework in Frameworks */ = {isa = PBXBuildFile; fileRef = DA039CB91A540FDC00C65E1D /* AVFoundation.framework */; };
		DA4397AD19D13C7E00BC40A4 /* AppDelegate.swift in Sources */ = {isa = PBXBuildFile; fileRef = DA4397AC19D13C7E00BC40A4 /* AppDelegate.swift */; };
		DA4397AF19D13C7E00BC40A4 /* ViewController.swift in Sources */ = {isa = PBXBuildFile; fileRef = DA4397AE19D13C7E00BC40A4 /* ViewController.swift */; };
		DA4397B219D13C7E00BC40A4 /* Main.storyboard in Resources */ = {isa = PBXBuildFile; fileRef = DA4397B019D13C7E00BC40A4 /* Main.storyboard */; };
		DA4397B419D13C7E00BC40A4 /* Images.xcassets in Resources */ = {isa = PBXBuildFile; fileRef = DA4397B319D13C7E00BC40A4 /* Images.xcassets */; };
		DA4397B719D13C7E00BC40A4 /* LaunchScreen.xib in Resources */ = {isa = PBXBuildFile; fileRef = DA4397B519D13C7E00BC40A4 /* LaunchScreen.xib */; };
		DA4397CE19D1484A00BC40A4 /* Default-568h@2x.png in Resources */ = {isa = PBXBuildFile; fileRef = DA4397CD19D1484A00BC40A4 /* Default-568h@2x.png */; };
		DA4397D219D1496600BC40A4 /* Default-568h@2x.png in Resources */ = {isa = PBXBuildFile; fileRef = DA4397D019D1496600BC40A4 /* Default-568h@2x.png */; };
		DAA530691A00CA790020A848 /* CustomViewController.m in Sources */ = {isa = PBXBuildFile; fileRef = DAA530681A00CA790020A848 /* CustomViewController.m */; };
		DAA5306D1A00CCD50020A848 /* libUMessage_Sdk_1.1.0.a in Frameworks */ = {isa = PBXBuildFile; fileRef = DAA5306B1A00CCD50020A848 /* libUMessage_Sdk_1.1.0.a */; };
		DAA5306E1A00CCD50020A848 /* libUMessage_Sdk_1.1.0.a in Frameworks */ = {isa = PBXBuildFile; fileRef = DAA5306B1A00CCD50020A848 /* libUMessage_Sdk_1.1.0.a */; };
		DAA530721A00CE850020A848 /* Localizable.strings in Resources */ = {isa = PBXBuildFile; fileRef = DAA530751A00CE850020A848 /* Localizable.strings */; };
		DAA530731A00CE850020A848 /* Localizable.strings in Resources */ = {isa = PBXBuildFile; fileRef = DAA530751A00CE850020A848 /* Localizable.strings */; };
		DAC7C70F19D033C3001B4E27 /* main.m in Sources */ = {isa = PBXBuildFile; fileRef = DAC7C70E19D033C3001B4E27 /* main.m */; };
		DAC7C71219D033C3001B4E27 /* AppDelegate.m in Sources */ = {isa = PBXBuildFile; fileRef = DAC7C71119D033C3001B4E27 /* AppDelegate.m */; };
		DAC7C71519D033C3001B4E27 /* ViewController.m in Sources */ = {isa = PBXBuildFile; fileRef = DAC7C71419D033C3001B4E27 /* ViewController.m */; };
		DAC7C71A19D033C3001B4E27 /* Images.xcassets in Resources */ = {isa = PBXBuildFile; fileRef = DAC7C71919D033C3001B4E27 /* Images.xcassets */; };
		DAC7C71D19D033C3001B4E27 /* LaunchScreen.xib in Resources */ = {isa = PBXBuildFile; fileRef = DAC7C71B19D033C3001B4E27 /* LaunchScreen.xib */; };
/* End PBXBuildFile section */

/* Begin PBXFileReference section */
		DA039C801A5405F900C65E1D /* Base */ = {isa = PBXFileReference; lastKnownFileType = text.plist.strings; name = Base; path = Base.lproj/UMFeedbackLocalizable.strings; sourceTree = "<group>"; };
		DA039C811A5405F900C65E1D /* libUMFeedback.a */ = {isa = PBXFileReference; lastKnownFileType = archive.ar; path = libUMFeedback.a; sourceTree = "<group>"; };
		DA039C831A5405F900C65E1D /* bubble_min@2x.png */ = {isa = PBXFileReference; lastKnownFileType = image.png; path = "bubble_min@2x.png"; sourceTree = "<group>"; };
		DA039C841A5405F900C65E1D /* cancel@2x.png */ = {isa = PBXFileReference; lastKnownFileType = image.png; path = "cancel@2x.png"; sourceTree = "<group>"; };
		DA039C851A5405F900C65E1D /* microphone@2x.png */ = {isa = PBXFileReference; lastKnownFileType = image.png; path = "microphone@2x.png"; sourceTree = "<group>"; };
		DA039C861A5405F900C65E1D /* save@2x.png */ = {isa = PBXFileReference; lastKnownFileType = image.png; path = "save@2x.png"; sourceTree = "<group>"; };
		DA039C871A5405F900C65E1D /* ToolViewInputText@2x.png */ = {isa = PBXFileReference; lastKnownFileType = image.png; path = "ToolViewInputText@2x.png"; sourceTree = "<group>"; };
		DA039C881A5405F900C65E1D /* ToolViewInputTextHL@2x.png */ = {isa = PBXFileReference; lastKnownFileType = image.png; path = "ToolViewInputTextHL@2x.png"; sourceTree = "<group>"; };
		DA039C891A5405F900C65E1D /* ToolViewInputVoice@2x.png */ = {isa = PBXFileReference; lastKnownFileType = image.png; path = "ToolViewInputVoice@2x.png"; sourceTree = "<group>"; };
		DA039C8A1A5405F900C65E1D /* ToolViewInputVoiceHL@2x.png */ = {isa = PBXFileReference; lastKnownFileType = image.png; path = "ToolViewInputVoiceHL@2x.png"; sourceTree = "<group>"; };
		DA039C8B1A5405F900C65E1D /* umeng_fb_audio_dialog_cancel@2x.png */ = {isa = PBXFileReference; lastKnownFileType = image.png; path = "umeng_fb_audio_dialog_cancel@2x.png"; sourceTree = "<group>"; };
		DA039C8C1A5405F900C65E1D /* umeng_fb_audio_dialog_content@2x.png */ = {isa = PBXFileReference; lastKnownFileType = image.png; path = "umeng_fb_audio_dialog_content@2x.png"; sourceTree = "<group>"; };
		DA039C8D1A5405F900C65E1D /* umeng_fb_audio_play_01@2x.png */ = {isa = PBXFileReference; lastKnownFileType = image.png; path = "umeng_fb_audio_play_01@2x.png"; sourceTree = "<group>"; };
		DA039C8E1A5405F900C65E1D /* umeng_fb_audio_play_02@2x.png */ = {isa = PBXFileReference; lastKnownFileType = image.png; path = "umeng_fb_audio_play_02@2x.png"; sourceTree = "<group>"; };
		DA039C8F1A5405F900C65E1D /* umeng_fb_audio_play_03@2x.png */ = {isa = PBXFileReference; lastKnownFileType = image.png; path = "umeng_fb_audio_play_03@2x.png"; sourceTree = "<group>"; };
		DA039C901A5405F900C65E1D /* umeng_fb_audio_play_default@2x.png */ = {isa = PBXFileReference; lastKnownFileType = image.png; path = "umeng_fb_audio_play_default@2x.png"; sourceTree = "<group>"; };
		DA039C911A5405F900C65E1D /* UMFeedback.h */ = {isa = PBXFileReference; fileEncoding = 4; lastKnownFileType = sourcecode.c.h; path = UMFeedback.h; sourceTree = "<group>"; };
		DA039C931A5405F900C65E1D /* libUMOpus.a */ = {isa = PBXFileReference; lastKnownFileType = archive.ar; path = libUMOpus.a; sourceTree = "<group>"; };
		DA039C941A5405F900C65E1D /* UMOpus.h */ = {isa = PBXFileReference; fileEncoding = 4; lastKnownFileType = sourcecode.c.h; path = UMOpus.h; sourceTree = "<group>"; };
		DA039C951A5405F900C65E1D /* zh-Hans */ = {isa = PBXFileReference; lastKnownFileType = text.plist.strings; name = "zh-Hans"; path = "zh-Hans.lproj/UMFeedbackLocalizable.strings"; sourceTree = "<group>"; };
		DA039CB81A540FA400C65E1D /* UMRecorder.h */ = {isa = PBXFileReference; fileEncoding = 4; lastKnownFileType = sourcecode.c.h; path = UMRecorder.h; sourceTree = "<group>"; };
		DA039CB91A540FDC00C65E1D /* AVFoundation.framework */ = {isa = PBXFileReference; lastKnownFileType = wrapper.framework; name = AVFoundation.framework; path = System/Library/Frameworks/AVFoundation.framework; sourceTree = SDKROOT; };
		DA4397A119D13AB900BC40A4 /* FeedbackDemo-Prefix.pch */ = {isa = PBXFileReference; fileEncoding = 4; lastKnownFileType = sourcecode.c.h; path = "FeedbackDemo-Prefix.pch"; sourceTree = "<group>"; };
		DA4397A819D13C7D00BC40A4 /* SwiftDemo.app */ = {isa = PBXFileReference; explicitFileType = wrapper.application; includeInIndex = 0; path = SwiftDemo.app; sourceTree = BUILT_PRODUCTS_DIR; };
		DA4397AB19D13C7E00BC40A4 /* Info.plist */ = {isa = PBXFileReference; lastKnownFileType = text.plist.xml; path = Info.plist; sourceTree = "<group>"; };
		DA4397AC19D13C7E00BC40A4 /* AppDelegate.swift */ = {isa = PBXFileReference; lastKnownFileType = sourcecode.swift; path = AppDelegate.swift; sourceTree = "<group>"; };
		DA4397AE19D13C7E00BC40A4 /* ViewController.swift */ = {isa = PBXFileReference; lastKnownFileType = sourcecode.swift; path = ViewController.swift; sourceTree = "<group>"; };
		DA4397B119D13C7E00BC40A4 /* Base */ = {isa = PBXFileReference; lastKnownFileType = file.storyboard; name = Base; path = Base.lproj/Main.storyboard; sourceTree = "<group>"; };
		DA4397B319D13C7E00BC40A4 /* Images.xcassets */ = {isa = PBXFileReference; lastKnownFileType = folder.assetcatalog; path = Images.xcassets; sourceTree = "<group>"; };
		DA4397B619D13C7E00BC40A4 /* Base */ = {isa = PBXFileReference; lastKnownFileType = file.xib; name = Base; path = Base.lproj/LaunchScreen.xib; sourceTree = "<group>"; };
		DA4397CA19D13D7100BC40A4 /* SwiftDemo-Bridging-Header.h */ = {isa = PBXFileReference; fileEncoding = 4; lastKnownFileType = sourcecode.c.h; path = "SwiftDemo-Bridging-Header.h"; sourceTree = "<group>"; };
		DA4397CD19D1484A00BC40A4 /* Default-568h@2x.png */ = {isa = PBXFileReference; lastKnownFileType = image.png; path = "Default-568h@2x.png"; sourceTree = "<group>"; };
		DA4397D019D1496600BC40A4 /* Default-568h@2x.png */ = {isa = PBXFileReference; lastKnownFileType = image.png; path = "Default-568h@2x.png"; sourceTree = "<group>"; };
		DAA530671A00CA790020A848 /* CustomViewController.h */ = {isa = PBXFileReference; fileEncoding = 4; lastKnownFileType = sourcecode.c.h; path = CustomViewController.h; sourceTree = "<group>"; };
		DAA530681A00CA790020A848 /* CustomViewController.m */ = {isa = PBXFileReference; fileEncoding = 4; lastKnownFileType = sourcecode.c.objc; path = CustomViewController.m; sourceTree = "<group>"; };
		DAA5306B1A00CCD50020A848 /* libUMessage_Sdk_1.1.0.a */ = {isa = PBXFileReference; lastKnownFileType = archive.ar; path = libUMessage_Sdk_1.1.0.a; sourceTree = "<group>"; };
		DAA5306C1A00CCD50020A848 /* UMessage.h */ = {isa = PBXFileReference; fileEncoding = 4; lastKnownFileType = sourcecode.c.h; path = UMessage.h; sourceTree = "<group>"; };
		DAA530741A00CE850020A848 /* Base */ = {isa = PBXFileReference; lastKnownFileType = text.plist.strings; name = Base; path = Base.lproj/Localizable.strings; sourceTree = "<group>"; };
		DAA530761A00CEEE0020A848 /* zh-Hans */ = {isa = PBXFileReference; lastKnownFileType = text.plist.strings; name = "zh-Hans"; path = "zh-Hans.lproj/Localizable.strings"; sourceTree = "<group>"; };
		DAC7C70919D033C3001B4E27 /* FeedbackDemo.app */ = {isa = PBXFileReference; explicitFileType = wrapper.application; includeInIndex = 0; path = FeedbackDemo.app; sourceTree = BUILT_PRODUCTS_DIR; };
		DAC7C70D19D033C3001B4E27 /* Info.plist */ = {isa = PBXFileReference; lastKnownFileType = text.plist.xml; path = Info.plist; sourceTree = "<group>"; };
		DAC7C70E19D033C3001B4E27 /* main.m */ = {isa = PBXFileReference; lastKnownFileType = sourcecode.c.objc; path = main.m; sourceTree = "<group>"; };
		DAC7C71019D033C3001B4E27 /* AppDelegate.h */ = {isa = PBXFileReference; lastKnownFileType = sourcecode.c.h; path = AppDelegate.h; sourceTree = "<group>"; };
		DAC7C71119D033C3001B4E27 /* AppDelegate.m */ = {isa = PBXFileReference; lastKnownFileType = sourcecode.c.objc; path = AppDelegate.m; sourceTree = "<group>"; };
		DAC7C71319D033C3001B4E27 /* ViewController.h */ = {isa = PBXFileReference; lastKnownFileType = sourcecode.c.h; path = ViewController.h; sourceTree = "<group>"; };
		DAC7C71419D033C3001B4E27 /* ViewController.m */ = {isa = PBXFileReference; lastKnownFileType = sourcecode.c.objc; path = ViewController.m; sourceTree = "<group>"; };
		DAC7C71919D033C3001B4E27 /* Images.xcassets */ = {isa = PBXFileReference; lastKnownFileType = folder.assetcatalog; path = Images.xcassets; sourceTree = "<group>"; };
		DAC7C71C19D033C3001B4E27 /* Base */ = {isa = PBXFileReference; lastKnownFileType = file.xib; name = Base; path = Base.lproj/LaunchScreen.xib; sourceTree = "<group>"; };
/* End PBXFileReference section */

/* Begin PBXFrameworksBuildPhase section */
		DA4397A519D13C7D00BC40A4 /* Frameworks */ = {
			isa = PBXFrameworksBuildPhase;
			buildActionMask = 2147483647;
			files = (
				DA039C991A5405F900C65E1D /* libUMFeedback.a in Frameworks */,
				DAA5306E1A00CCD50020A848 /* libUMessage_Sdk_1.1.0.a in Frameworks */,
				DA039CB71A5405F900C65E1D /* libUMOpus.a in Frameworks */,
			);
			runOnlyForDeploymentPostprocessing = 0;
		};
		DAC7C70619D033C3001B4E27 /* Frameworks */ = {
			isa = PBXFrameworksBuildPhase;
			buildActionMask = 2147483647;
			files = (
				DA039CBA1A540FDC00C65E1D /* AVFoundation.framework in Frameworks */,
				DA039C981A5405F900C65E1D /* libUMFeedback.a in Frameworks */,
				DAA5306D1A00CCD50020A848 /* libUMessage_Sdk_1.1.0.a in Frameworks */,
				DA039CB61A5405F900C65E1D /* libUMOpus.a in Frameworks */,
			);
			runOnlyForDeploymentPostprocessing = 0;
		};
/* End PBXFrameworksBuildPhase section */

/* Begin PBXGroup section */
		DA039C7E1A5405F900C65E1D /* UMengFeedback_SDK_2.1 */ = {
			isa = PBXGroup;
			children = (
				DA039C911A5405F900C65E1D /* UMFeedback.h */,
				DA039CB81A540FA400C65E1D /* UMRecorder.h */,
				DA039C7F1A5405F900C65E1D /* UMFeedbackLocalizable.strings */,
				DA039C811A5405F900C65E1D /* libUMFeedback.a */,
				DA039C821A5405F900C65E1D /* Resources */,
				DA039C921A5405F900C65E1D /* UMOpus */,
			);
			path = UMengFeedback_SDK_2.1;
			sourceTree = "<group>";
		};
		DA039C821A5405F900C65E1D /* Resources */ = {
			isa = PBXGroup;
			children = (
				DA039C831A5405F900C65E1D /* bubble_min@2x.png */,
				DA039C841A5405F900C65E1D /* cancel@2x.png */,
				DA039C851A5405F900C65E1D /* microphone@2x.png */,
				DA039C861A5405F900C65E1D /* save@2x.png */,
				DA039C871A5405F900C65E1D /* ToolViewInputText@2x.png */,
				DA039C881A5405F900C65E1D /* ToolViewInputTextHL@2x.png */,
				DA039C891A5405F900C65E1D /* ToolViewInputVoice@2x.png */,
				DA039C8A1A5405F900C65E1D /* ToolViewInputVoiceHL@2x.png */,
				DA039C8B1A5405F900C65E1D /* umeng_fb_audio_dialog_cancel@2x.png */,
				DA039C8C1A5405F900C65E1D /* umeng_fb_audio_dialog_content@2x.png */,
				DA039C8D1A5405F900C65E1D /* umeng_fb_audio_play_01@2x.png */,
				DA039C8E1A5405F900C65E1D /* umeng_fb_audio_play_02@2x.png */,
				DA039C8F1A5405F900C65E1D /* umeng_fb_audio_play_03@2x.png */,
				DA039C901A5405F900C65E1D /* umeng_fb_audio_play_default@2x.png */,
			);
			path = Resources;
			sourceTree = "<group>";
		};
		DA039C921A5405F900C65E1D /* UMOpus */ = {
			isa = PBXGroup;
			children = (
				DA039C931A5405F900C65E1D /* libUMOpus.a */,
				DA039C941A5405F900C65E1D /* UMOpus.h */,
			);
			path = UMOpus;
			sourceTree = "<group>";
		};
		DA4397A919D13C7E00BC40A4 /* SwiftDemo */ = {
			isa = PBXGroup;
			children = (
				DA4397D019D1496600BC40A4 /* Default-568h@2x.png */,
				DA4397CA19D13D7100BC40A4 /* SwiftDemo-Bridging-Header.h */,
				DA4397AC19D13C7E00BC40A4 /* AppDelegate.swift */,
				DA4397AE19D13C7E00BC40A4 /* ViewController.swift */,
				DA4397B019D13C7E00BC40A4 /* Main.storyboard */,
				DA4397B319D13C7E00BC40A4 /* Images.xcassets */,
				DA4397B519D13C7E00BC40A4 /* LaunchScreen.xib */,
				DA4397AA19D13C7E00BC40A4 /* Supporting Files */,
			);
			path = SwiftDemo;
			sourceTree = "<group>";
		};
		DA4397AA19D13C7E00BC40A4 /* Supporting Files */ = {
			isa = PBXGroup;
			children = (
				DA4397AB19D13C7E00BC40A4 /* Info.plist */,
			);
			name = "Supporting Files";
			sourceTree = "<group>";
		};
		DAA5306A1A00CCD50020A848 /* UMessage_Sdk_1.1.0 */ = {
			isa = PBXGroup;
			children = (
				DAA5306B1A00CCD50020A848 /* libUMessage_Sdk_1.1.0.a */,
				DAA5306C1A00CCD50020A848 /* UMessage.h */,
			);
			path = UMessage_Sdk_1.1.0;
			sourceTree = "<group>";
		};
		DAC7C70019D033C3001B4E27 = {
			isa = PBXGroup;
			children = (
				DA039CB91A540FDC00C65E1D /* AVFoundation.framework */,
				DA039C7E1A5405F900C65E1D /* UMengFeedback_SDK_2.1 */,
				DAA5306A1A00CCD50020A848 /* UMessage_Sdk_1.1.0 */,
				DAC7C70B19D033C3001B4E27 /* FeedbackDemo */,
				DA4397A919D13C7E00BC40A4 /* SwiftDemo */,
				DAC7C70A19D033C3001B4E27 /* Products */,
			);
			sourceTree = "<group>";
		};
		DAC7C70A19D033C3001B4E27 /* Products */ = {
			isa = PBXGroup;
			children = (
				DAC7C70919D033C3001B4E27 /* FeedbackDemo.app */,
				DA4397A819D13C7D00BC40A4 /* SwiftDemo.app */,
			);
			name = Products;
			sourceTree = "<group>";
		};
		DAC7C70B19D033C3001B4E27 /* FeedbackDemo */ = {
			isa = PBXGroup;
			children = (
				DA4397CD19D1484A00BC40A4 /* Default-568h@2x.png */,
				DAC7C71019D033C3001B4E27 /* AppDelegate.h */,
				DAC7C71119D033C3001B4E27 /* AppDelegate.m */,
				DAC7C71319D033C3001B4E27 /* ViewController.h */,
				DAC7C71419D033C3001B4E27 /* ViewController.m */,
				DAA530671A00CA790020A848 /* CustomViewController.h */,
				DAA530681A00CA790020A848 /* CustomViewController.m */,
				DAC7C71919D033C3001B4E27 /* Images.xcassets */,
				DAC7C71B19D033C3001B4E27 /* LaunchScreen.xib */,
				DAC7C70C19D033C3001B4E27 /* Supporting Files */,
			);
			path = FeedbackDemo;
			sourceTree = "<group>";
		};
		DAC7C70C19D033C3001B4E27 /* Supporting Files */ = {
			isa = PBXGroup;
			children = (
				DAA530751A00CE850020A848 /* Localizable.strings */,
				DAC7C70D19D033C3001B4E27 /* Info.plist */,
				DA4397A119D13AB900BC40A4 /* FeedbackDemo-Prefix.pch */,
				DAC7C70E19D033C3001B4E27 /* main.m */,
			);
			name = "Supporting Files";
			sourceTree = "<group>";
		};
/* End PBXGroup section */

/* Begin PBXNativeTarget section */
		DA4397A719D13C7D00BC40A4 /* SwiftDemo */ = {
			isa = PBXNativeTarget;
			buildConfigurationList = DA4397C419D13C7E00BC40A4 /* Build configuration list for PBXNativeTarget "SwiftDemo" */;
			buildPhases = (
				DA4397A419D13C7D00BC40A4 /* Sources */,
				DA4397A519D13C7D00BC40A4 /* Frameworks */,
				DA4397A619D13C7D00BC40A4 /* Resources */,
			);
			buildRules = (
			);
			dependencies = (
			);
			name = SwiftDemo;
			productName = SwiftDemo;
			productReference = DA4397A819D13C7D00BC40A4 /* SwiftDemo.app */;
			productType = "com.apple.product-type.application";
		};
		DAC7C70819D033C3001B4E27 /* FeedbackDemo */ = {
			isa = PBXNativeTarget;
			buildConfigurationList = DAC7C72C19D033C3001B4E27 /* Build configuration list for PBXNativeTarget "FeedbackDemo" */;
			buildPhases = (
				DAC7C70519D033C3001B4E27 /* Sources */,
				DAC7C70619D033C3001B4E27 /* Frameworks */,
				DAC7C70719D033C3001B4E27 /* Resources */,
			);
			buildRules = (
			);
			dependencies = (
			);
			name = FeedbackDemo;
			productName = FeedbackDemo;
			productReference = DAC7C70919D033C3001B4E27 /* FeedbackDemo.app */;
			productType = "com.apple.product-type.application";
		};
/* End PBXNativeTarget section */

/* Begin PBXProject section */
		DAC7C70119D033C3001B4E27 /* Project object */ = {
			isa = PBXProject;
			attributes = {
				LastUpgradeCheck = 0610;
				ORGANIZATIONNAME = umeng;
				TargetAttributes = {
					DA4397A719D13C7D00BC40A4 = {
						CreatedOnToolsVersion = 6.1;
					};
					DAC7C70819D033C3001B4E27 = {
						CreatedOnToolsVersion = 6.1;
					};
				};
			};
			buildConfigurationList = DAC7C70419D033C3001B4E27 /* Build configuration list for PBXProject "FeedbackDemo" */;
			compatibilityVersion = "Xcode 3.2";
			developmentRegion = English;
			hasScannedForEncodings = 0;
			knownRegions = (
				en,
				Base,
				"zh-Hans",
			);
			mainGroup = DAC7C70019D033C3001B4E27;
			productRefGroup = DAC7C70A19D033C3001B4E27 /* Products */;
			projectDirPath = "";
			projectRoot = "";
			targets = (
				DAC7C70819D033C3001B4E27 /* FeedbackDemo */,
				DA4397A719D13C7D00BC40A4 /* SwiftDemo */,
			);
		};
/* End PBXProject section */

/* Begin PBXResourcesBuildPhase section */
		DA4397A619D13C7D00BC40A4 /* Resources */ = {
			isa = PBXResourcesBuildPhase;
			buildActionMask = 2147483647;
			files = (
				DA039C9D1A5405F900C65E1D /* cancel@2x.png in Resources */,
				DA039CAB1A5405F900C65E1D /* umeng_fb_audio_dialog_cancel@2x.png in Resources */,
				DA039CB31A5405F900C65E1D /* umeng_fb_audio_play_03@2x.png in Resources */,
				DA039CB11A5405F900C65E1D /* umeng_fb_audio_play_02@2x.png in Resources */,
				DA039CA51A5405F900C65E1D /* ToolViewInputTextHL@2x.png in Resources */,
				DA039CA31A5405F900C65E1D /* ToolViewInputText@2x.png in Resources */,
				DAA530731A00CE850020A848 /* Localizable.strings in Resources */,
				DA039C9F1A5405F900C65E1D /* microphone@2x.png in Resources */,
				DA039CB51A5405F900C65E1D /* umeng_fb_audio_play_default@2x.png in Resources */,
				DA039CA71A5405F900C65E1D /* ToolViewInputVoice@2x.png in Resources */,
				DA039CAF1A5405F900C65E1D /* umeng_fb_audio_play_01@2x.png in Resources */,
				DA039CA11A5405F900C65E1D /* save@2x.png in Resources */,
				DA4397B219D13C7E00BC40A4 /* Main.storyboard in Resources */,
				DA039C971A5405F900C65E1D /* UMFeedbackLocalizable.strings in Resources */,
				DA039C9B1A5405F900C65E1D /* bubble_min@2x.png in Resources */,
				DA4397D219D1496600BC40A4 /* Default-568h@2x.png in Resources */,
				DA4397B719D13C7E00BC40A4 /* LaunchScreen.xib in Resources */,
				DA4397B419D13C7E00BC40A4 /* Images.xcassets in Resources */,
				DA039CAD1A5405F900C65E1D /* umeng_fb_audio_dialog_content@2x.png in Resources */,
				DA039CA91A5405F900C65E1D /* ToolViewInputVoiceHL@2x.png in Resources */,
			);
			runOnlyForDeploymentPostprocessing = 0;
		};
		DAC7C70719D033C3001B4E27 /* Resources */ = {
			isa = PBXResourcesBuildPhase;
			buildActionMask = 2147483647;
			files = (
				DAC7C71D19D033C3001B4E27 /* LaunchScreen.xib in Resources */,
				DA039CA01A5405F900C65E1D /* save@2x.png in Resources */,
				DA039C961A5405F900C65E1D /* UMFeedbackLocalizable.strings in Resources */,
				DA039CAE1A5405F900C65E1D /* umeng_fb_audio_play_01@2x.png in Resources */,
				DA039CA81A5405F900C65E1D /* ToolViewInputVoiceHL@2x.png in Resources */,
				DA039CAA1A5405F900C65E1D /* umeng_fb_audio_dialog_cancel@2x.png in Resources */,
				DA039C9E1A5405F900C65E1D /* microphone@2x.png in Resources */,
				DAA530721A00CE850020A848 /* Localizable.strings in Resources */,
				DA039CB41A5405F900C65E1D /* umeng_fb_audio_play_default@2x.png in Resources */,
				DA039CA41A5405F900C65E1D /* ToolViewInputTextHL@2x.png in Resources */,
				DA039CA21A5405F900C65E1D /* ToolViewInputText@2x.png in Resources */,
				DAC7C71A19D033C3001B4E27 /* Images.xcassets in Resources */,
				DA4397CE19D1484A00BC40A4 /* Default-568h@2x.png in Resources */,
				DA039CB01A5405F900C65E1D /* umeng_fb_audio_play_02@2x.png in Resources */,
				DA039CA61A5405F900C65E1D /* ToolViewInputVoice@2x.png in Resources */,
				DA039C9C1A5405F900C65E1D /* cancel@2x.png in Resources */,
				DA039CAC1A5405F900C65E1D /* umeng_fb_audio_dialog_content@2x.png in Resources */,
				DA039C9A1A5405F900C65E1D /* bubble_min@2x.png in Resources */,
				DA039CB21A5405F900C65E1D /* umeng_fb_audio_play_03@2x.png in Resources */,
			);
			runOnlyForDeploymentPostprocessing = 0;
		};
/* End PBXResourcesBuildPhase section */

/* Begin PBXSourcesBuildPhase section */
		DA4397A419D13C7D00BC40A4 /* Sources */ = {
			isa = PBXSourcesBuildPhase;
			buildActionMask = 2147483647;
			files = (
				DA4397AF19D13C7E00BC40A4 /* ViewController.swift in Sources */,
				DA4397AD19D13C7E00BC40A4 /* AppDelegate.swift in Sources */,
			);
			runOnlyForDeploymentPostprocessing = 0;
		};
		DAC7C70519D033C3001B4E27 /* Sources */ = {
			isa = PBXSourcesBuildPhase;
			buildActionMask = 2147483647;
			files = (
				DAC7C71519D033C3001B4E27 /* ViewController.m in Sources */,
				DAC7C71219D033C3001B4E27 /* AppDelegate.m in Sources */,
				DAC7C70F19D033C3001B4E27 /* main.m in Sources */,
				DAA530691A00CA790020A848 /* CustomViewController.m in Sources */,
			);
			runOnlyForDeploymentPostprocessing = 0;
		};
/* End PBXSourcesBuildPhase section */

/* Begin PBXVariantGroup section */
		DA039C7F1A5405F900C65E1D /* UMFeedbackLocalizable.strings */ = {
			isa = PBXVariantGroup;
			children = (
				DA039C801A5405F900C65E1D /* Base */,
				DA039C951A5405F900C65E1D /* zh-Hans */,
			);
			name = UMFeedbackLocalizable.strings;
			sourceTree = "<group>";
		};
		DA4397B019D13C7E00BC40A4 /* Main.storyboard */ = {
			isa = PBXVariantGroup;
			children = (
				DA4397B119D13C7E00BC40A4 /* Base */,
			);
			name = Main.storyboard;
			sourceTree = "<group>";
		};
		DA4397B519D13C7E00BC40A4 /* LaunchScreen.xib */ = {
			isa = PBXVariantGroup;
			children = (
				DA4397B619D13C7E00BC40A4 /* Base */,
			);
			name = LaunchScreen.xib;
			sourceTree = "<group>";
		};
		DAA530751A00CE850020A848 /* Localizable.strings */ = {
			isa = PBXVariantGroup;
			children = (
				DAA530741A00CE850020A848 /* Base */,
				DAA530761A00CEEE0020A848 /* zh-Hans */,
			);
			name = Localizable.strings;
			sourceTree = "<group>";
		};
		DAC7C71B19D033C3001B4E27 /* LaunchScreen.xib */ = {
			isa = PBXVariantGroup;
			children = (
				DAC7C71C19D033C3001B4E27 /* Base */,
			);
			name = LaunchScreen.xib;
			sourceTree = "<group>";
		};
/* End PBXVariantGroup section */

/* Begin XCBuildConfiguration section */
		DA4397C519D13C7E00BC40A4 /* Debug */ = {
			isa = XCBuildConfiguration;
			buildSettings = {
				ASSETCATALOG_COMPILER_APPICON_NAME = AppIcon;
				GCC_PREPROCESSOR_DEFINITIONS = (
					"DEBUG=1",
					"$(inherited)",
				);
				INFOPLIST_FILE = SwiftDemo/Info.plist;
				IPHONEOS_DEPLOYMENT_TARGET = 7.0;
				LD_RUNPATH_SEARCH_PATHS = "$(inherited) @executable_path/Frameworks";
				LIBRARY_SEARCH_PATHS = (
					"$(inherited)",
					"$(PROJECT_DIR)",
					"$(PROJECT_DIR)/UMengFeedback_SDK_2.0",
					"$(PROJECT_DIR)/UMessage_Sdk_1.1.0",
					"$(PROJECT_DIR)/UMengFeedback_SDK_2.0.3",
					"$(PROJECT_DIR)/UMengFeedback_SDK_2.1",
					"$(PROJECT_DIR)/UMengFeedback_SDK_2.1/UMOpus",
				);
				PRODUCT_NAME = "$(TARGET_NAME)";
				SWIFT_OBJC_BRIDGING_HEADER = "SwiftDemo/SwiftDemo-Bridging-Header.h";
				SWIFT_OPTIMIZATION_LEVEL = "-Onone";
			};
			name = Debug;
		};
		DA4397C619D13C7E00BC40A4 /* Release */ = {
			isa = XCBuildConfiguration;
			buildSettings = {
				ASSETCATALOG_COMPILER_APPICON_NAME = AppIcon;
				INFOPLIST_FILE = SwiftDemo/Info.plist;
				IPHONEOS_DEPLOYMENT_TARGET = 7.0;
				LD_RUNPATH_SEARCH_PATHS = "$(inherited) @executable_path/Frameworks";
				LIBRARY_SEARCH_PATHS = (
					"$(inherited)",
					"$(PROJECT_DIR)",
					"$(PROJECT_DIR)/UMengFeedback_SDK_2.0",
					"$(PROJECT_DIR)/UMessage_Sdk_1.1.0",
					"$(PROJECT_DIR)/UMengFeedback_SDK_2.0.3",
					"$(PROJECT_DIR)/UMengFeedback_SDK_2.1",
					"$(PROJECT_DIR)/UMengFeedback_SDK_2.1/UMOpus",
				);
				PRODUCT_NAME = "$(TARGET_NAME)";
				SWIFT_OBJC_BRIDGING_HEADER = "SwiftDemo/SwiftDemo-Bridging-Header.h";
			};
			name = Release;
		};
		DAC7C72A19D033C3001B4E27 /* Debug */ = {
			isa = XCBuildConfiguration;
			buildSettings = {
				ALWAYS_SEARCH_USER_PATHS = NO;
				ARCHS = (
					"$(ARCHS_STANDARD)",
					armv7s,
				);
				CLANG_CXX_LANGUAGE_STANDARD = "gnu++0x";
				CLANG_CXX_LIBRARY = "libc++";
				CLANG_ENABLE_MODULES = YES;
				CLANG_ENABLE_OBJC_ARC = YES;
				CLANG_WARN_BOOL_CONVERSION = YES;
				CLANG_WARN_CONSTANT_CONVERSION = YES;
				CLANG_WARN_DIRECT_OBJC_ISA_USAGE = YES_ERROR;
				CLANG_WARN_EMPTY_BODY = YES;
				CLANG_WARN_ENUM_CONVERSION = YES;
				CLANG_WARN_INT_CONVERSION = YES;
				CLANG_WARN_OBJC_ROOT_CLASS = YES_ERROR;
				CLANG_WARN_UNREACHABLE_CODE = YES;
				CLANG_WARN__DUPLICATE_METHOD_MATCH = YES;
				"CODE_SIGN_IDENTITY[sdk=iphoneos*]" = "iPhone Developer";
				COPY_PHASE_STRIP = NO;
				ENABLE_STRICT_OBJC_MSGSEND = YES;
				GCC_C_LANGUAGE_STANDARD = gnu99;
				GCC_DYNAMIC_NO_PIC = NO;
				GCC_OPTIMIZATION_LEVEL = 0;
				GCC_PREPROCESSOR_DEFINITIONS = (
					"DEBUG=1",
					"$(inherited)",
				);
				GCC_SYMBOLS_PRIVATE_EXTERN = NO;
				GCC_WARN_64_TO_32_BIT_CONVERSION = YES;
				GCC_WARN_ABOUT_RETURN_TYPE = YES_ERROR;
				GCC_WARN_UNDECLARED_SELECTOR = YES;
				GCC_WARN_UNINITIALIZED_AUTOS = YES_AGGRESSIVE;
				GCC_WARN_UNUSED_FUNCTION = YES;
				GCC_WARN_UNUSED_VARIABLE = YES;
				IPHONEOS_DEPLOYMENT_TARGET = 5.0;
				MTL_ENABLE_DEBUG_INFO = YES;
				ONLY_ACTIVE_ARCH = YES;
				SDKROOT = iphoneos;
				TARGETED_DEVICE_FAMILY = "1,2";
			};
			name = Debug;
		};
		DAC7C72B19D033C3001B4E27 /* Release */ = {
			isa = XCBuildConfiguration;
			buildSettings = {
				ALWAYS_SEARCH_USER_PATHS = NO;
				ARCHS = (
					"$(ARCHS_STANDARD)",
					armv7s,
				);
				CLANG_CXX_LANGUAGE_STANDARD = "gnu++0x";
				CLANG_CXX_LIBRARY = "libc++";
				CLANG_ENABLE_MODULES = YES;
				CLANG_ENABLE_OBJC_ARC = YES;
				CLANG_WARN_BOOL_CONVERSION = YES;
				CLANG_WARN_CONSTANT_CONVERSION = YES;
				CLANG_WARN_DIRECT_OBJC_ISA_USAGE = YES_ERROR;
				CLANG_WARN_EMPTY_BODY = YES;
				CLANG_WARN_ENUM_CONVERSION = YES;
				CLANG_WARN_INT_CONVERSION = YES;
				CLANG_WARN_OBJC_ROOT_CLASS = YES_ERROR;
				CLANG_WARN_UNREACHABLE_CODE = YES;
				CLANG_WARN__DUPLICATE_METHOD_MATCH = YES;
				"CODE_SIGN_IDENTITY[sdk=iphoneos*]" = "iPhone Developer";
				COPY_PHASE_STRIP = YES;
				ENABLE_NS_ASSERTIONS = NO;
				ENABLE_STRICT_OBJC_MSGSEND = YES;
				GCC_C_LANGUAGE_STANDARD = gnu99;
				GCC_WARN_64_TO_32_BIT_CONVERSION = YES;
				GCC_WARN_ABOUT_RETURN_TYPE = YES_ERROR;
				GCC_WARN_UNDECLARED_SELECTOR = YES;
				GCC_WARN_UNINITIALIZED_AUTOS = YES_AGGRESSIVE;
				GCC_WARN_UNUSED_FUNCTION = YES;
				GCC_WARN_UNUSED_VARIABLE = YES;
				IPHONEOS_DEPLOYMENT_TARGET = 5.0;
				MTL_ENABLE_DEBUG_INFO = NO;
				SDKROOT = iphoneos;
				TARGETED_DEVICE_FAMILY = "1,2";
				VALIDATE_PRODUCT = YES;
			};
			name = Release;
		};
		DAC7C72D19D033C3001B4E27 /* Debug */ = {
			isa = XCBuildConfiguration;
			buildSettings = {
				ASSETCATALOG_COMPILER_APPICON_NAME = AppIcon;
				CLANG_ENABLE_OBJC_ARC = NO;
				GCC_PREFIX_HEADER = "FeedbackDemo/FeedbackDemo-Prefix.pch";
				INFOPLIST_FILE = FeedbackDemo/Info.plist;
				IPHONEOS_DEPLOYMENT_TARGET = 4.3;
				LD_RUNPATH_SEARCH_PATHS = "$(inherited) @executable_path/Frameworks";
				LIBRARY_SEARCH_PATHS = (
					"$(inherited)",
					"$(PROJECT_DIR)",
					"$(PROJECT_DIR)/UMengFeedback_SDK_2.0",
					"$(PROJECT_DIR)/UMessage_Sdk_1.1.0",
					"$(PROJECT_DIR)/UMengFeedback_SDK_2.0.1",
					"$(PROJECT_DIR)/UMengFeedback_SDK_2.0.2",
					"$(PROJECT_DIR)/UMengFeedback_SDK_2.0.3",
					"$(PROJECT_DIR)/UMengFeedback_SDK_2.1",
					"$(PROJECT_DIR)/UMengFeedback_SDK_2.1/UMOpus",
				);
				PRODUCT_NAME = "$(TARGET_NAME)";
			};
			name = Debug;
		};
		DAC7C72E19D033C3001B4E27 /* Release */ = {
			isa = XCBuildConfiguration;
			buildSettings = {
				ASSETCATALOG_COMPILER_APPICON_NAME = AppIcon;
				CLANG_ENABLE_OBJC_ARC = NO;
				GCC_PREFIX_HEADER = "FeedbackDemo/FeedbackDemo-Prefix.pch";
				INFOPLIST_FILE = FeedbackDemo/Info.plist;
				IPHONEOS_DEPLOYMENT_TARGET = 4.3;
				LD_RUNPATH_SEARCH_PATHS = "$(inherited) @executable_path/Frameworks";
				LIBRARY_SEARCH_PATHS = (
					"$(inherited)",
					"$(PROJECT_DIR)",
					"$(PROJECT_DIR)/UMengFeedback_SDK_2.0",
					"$(PROJECT_DIR)/UMessage_Sdk_1.1.0",
					"$(PROJECT_DIR)/UMengFeedback_SDK_2.0.1",
					"$(PROJECT_DIR)/UMengFeedback_SDK_2.0.2",
					"$(PROJECT_DIR)/UMengFeedback_SDK_2.0.3",
					"$(PROJECT_DIR)/UMengFeedback_SDK_2.1",
					"$(PROJECT_DIR)/UMengFeedback_SDK_2.1/UMOpus",
				);
				PRODUCT_NAME = "$(TARGET_NAME)";
			};
			name = Release;
		};
/* End XCBuildConfiguration section */

/* Begin XCConfigurationList section */
		DA4397C419D13C7E00BC40A4 /* Build configuration list for PBXNativeTarget "SwiftDemo" */ = {
			isa = XCConfigurationList;
			buildConfigurations = (
				DA4397C519D13C7E00BC40A4 /* Debug */,
				DA4397C619D13C7E00BC40A4 /* Release */,
			);
			defaultConfigurationIsVisible = 0;
			defaultConfigurationName = Release;
		};
		DAC7C70419D033C3001B4E27 /* Build configuration list for PBXProject "FeedbackDemo" */ = {
			isa = XCConfigurationList;
			buildConfigurations = (
				DAC7C72A19D033C3001B4E27 /* Debug */,
				DAC7C72B19D033C3001B4E27 /* Release */,
			);
			defaultConfigurationIsVisible = 0;
			defaultConfigurationName = Release;
		};
		DAC7C72C19D033C3001B4E27 /* Build configuration list for PBXNativeTarget "FeedbackDemo" */ = {
			isa = XCConfigurationList;
			buildConfigurations = (
				DAC7C72D19D033C3001B4E27 /* Debug */,
				DAC7C72E19D033C3001B4E27 /* Release */,
			);
			defaultConfigurationIsVisible = 0;
			defaultConfigurationName = Release;
		};
/* End XCConfigurationList section */
	};
	rootObject = DAC7C70119D033C3001B4E27 /* Project object */;
}
